Microsoft Visual Studio Solution File, Format Version 12.00
# Visual Studio 14
Project("{8BC9CEB8-8B4A-11D0-8D11-00A0C91BC942}") = "ALL_BUILD", "ALL_BUILD.vcxproj", "{18F14917-01F8-3B3E-98C1-22DD7A5DF8E1}"
	ProjectSection(ProjectDependencies) = postProject
		{A16A6BEB-A1E0-367F-BAC2-417019529826} = {A16A6BEB-A1E0-367F-BAC2-417019529826}
		{8B5B48D2-B91D-354B-9CC5-FBC57FE9B245} = {8B5B48D2-B91D-354B-9CC5-FBC57FE9B245}
		{1D6F0849-A67C-3359-A94A-440A1B615AE6} = {1D6F0849-A67C-3359-A94A-440A1B615AE6}
		{E031C72C-A911-313B-A094-270BB5EDFF47} = {E031C72C-A911-313B-A094-270BB5EDFF47}
		{AE0866AE-FCBF-321E-9986-992DA0486EB7} = {AE0866AE-FCBF-321E-9986-992DA0486EB7}
		{2064B2A4-D99D-3BB9-9B22-5D084C5A1E4C} = {2064B2A4-D99D-3BB9-9B22-5D084C5A1E4C}
		{38775ED8-6D60-31E5-B653-1248F583F59C} = {38775ED8-6D60-31E5-B653-1248F583F59C}
		{AF431D2C-D97A-3FC1-A674-8F41A3DF295C} = {AF431D2C-D97A-3FC1-A674-8F41A3DF295C}
		{9D7DD199-92FF-3730-AF8C-E03CC48B7497} = {9D7DD199-92FF-3730-AF8C-E03CC48B7497}
		{F71005DE-301A-3514-9824-A7D8A3B8E9D2} = {F71005DE-301A-3514-9824-A7D8A3B8E9D2}
		{DB59C320-8C6F-3A35-BF5A-578BCF4363A9} = {DB59C320-8C6F-3A35-BF5A-578BCF4363A9}
		{E341948D-B619-3623-94A1-267435F8BF34} = {E341948D-B619-3623-94A1-267435F8BF34}
		{63BC06CB-185E-3C59-94E7-FBE313334F32} = {63BC06CB-185E-3C59-94E7-FBE313334F32}
		{0325B556-69A5-3FDD-A198-AB076D14A1B5} = {0325B556-69A5-3FDD-A198-AB076D14A1B5}
		{DCE910B2-7842-3EBC-A126-C341CD49AE51} = {DCE910B2-7842-3EBC-A126-C341CD49AE51}
	EndProjectSection
EndProject
Project("{8BC9CEB8-8B4A-11D0-8D11-00A0C91BC942}") = "INSTALL", "INSTALL.vcxproj", "{FF1C651B-0DA3-399D-9192-66150B9D4DF3}"
	ProjectSection(ProjectDependencies) = postProject
		{18F14917-01F8-3B3E-98C1-22DD7A5DF8E1} = {18F14917-01F8-3B3E-98C1-22DD7A5DF8E1}
		{A16A6BEB-A1E0-367F-BAC2-417019529826} = {A16A6BEB-A1E0-367F-BAC2-417019529826}
	EndProjectSection
EndProject
Project("{8BC9CEB8-8B4A-11D0-8D11-00A0C91BC942}") = "RUN_TESTS", "RUN_TESTS.vcxproj", "{60081178-D50E-3065-89B2-6C6760BB6980}"
	ProjectSection(ProjectDependencies) = postProject
		{A16A6BEB-A1E0-367F-BAC2-417019529826} = {A16A6BEB-A1E0-367F-BAC2-417019529826}
	EndProjectSection
EndProject
Project("{8BC9CEB8-8B4A-11D0-8D11-00A0C91BC942}") = "ZERO_CHECK", "ZERO_CHECK.vcxproj", "{A16A6BEB-A1E0-367F-BAC2-417019529826}"
	ProjectSection(ProjectDependencies) = postProject
	EndProjectSection
EndProject
Project("{8BC9CEB8-8B4A-11D0-8D11-00A0C91BC942}") = "gmock", "googlemock\gmock.vcxproj", "{8B5B48D2-B91D-354B-9CC5-FBC57FE9B245}"
	ProjectSection(ProjectDependencies) = postProject
		{A16A6BEB-A1E0-367F-BAC2-417019529826} = {A16A6BEB-A1E0-367F-BAC2-417019529826}
	EndProjectSection
EndProject
Project("{8BC9CEB8-8B4A-11D0-8D11-00A0C91BC942}") = "gmock_main", "googlemock\gmock_main.vcxproj", "{1D6F0849-A67C-3359-A94A-440A1B615AE6}"
	ProjectSection(ProjectDependencies) = postProject
		{A16A6BEB-A1E0-367F-BAC2-417019529826} = {A16A6BEB-A1E0-367F-BAC2-417019529826}
	EndProjectSection
EndProject
Project("{8BC9CEB8-8B4A-11D0-8D11-00A0C91BC942}") = "gtest", "googlemock\gtest\gtest.vcxproj", "{E031C72C-A911-313B-A094-270BB5EDFF47}"
	ProjectSection(ProjectDependencies) = postProject
		{A16A6BEB-A1E0-367F-BAC2-417019529826} = {A16A6BEB-A1E0-367F-BAC2-417019529826}
	EndProjectSection
EndProject
Project("{8BC9CEB8-8B4A-11D0-8D11-00A0C91BC942}") = "gtest_main", "googlemock\gtest\gtest_main.vcxproj", "{AE0866AE-FCBF-321E-9986-992DA0486EB7}"
	ProjectSection(ProjectDependencies) = postProject
		{A16A6BEB-A1E0-367F-BAC2-417019529826} = {A16A6BEB-A1E0-367F-BAC2-417019529826}
		{E031C72C-A911-313B-A094-270BB5EDFF47} = {E031C72C-A911-313B-A094-270BB5EDFF47}
	EndProjectSection
EndProject
Project("{8BC9CEB8-8B4A-11D0-8D11-00A0C91BC942}") = "sample10_unittest", "googlemock\gtest\sample10_unittest.vcxproj", "{2064B2A4-D99D-3BB9-9B22-5D084C5A1E4C}"
	ProjectSection(ProjectDependencies) = postProject
		{A16A6BEB-A1E0-367F-BAC2-417019529826} = {A16A6BEB-A1E0-367F-BAC2-417019529826}
		{E031C72C-A911-313B-A094-270BB5EDFF47} = {E031C72C-A911-313B-A094-270BB5EDFF47}
	EndProjectSection
EndProject
Project("{8BC9CEB8-8B4A-11D0-8D11-00A0C91BC942}") = "sample1_unittest", "googlemock\gtest\sample1_unittest.vcxproj", "{38775ED8-6D60-31E5-B653-1248F583F59C}"
	ProjectSection(ProjectDependencies) = postProject
		{A16A6BEB-A1E0-367F-BAC2-417019529826} = {A16A6BEB-A1E0-367F-BAC2-417019529826}
		{E031C72C-A911-313B-A094-270BB5EDFF47} = {E031C72C-A911-313B-A094-270BB5EDFF47}
		{AE0866AE-FCBF-321E-9986-992DA0486EB7} = {AE0866AE-FCBF-321E-9986-992DA0486EB7}
	EndProjectSection
EndProject
Project("{8BC9CEB8-8B4A-11D0-8D11-00A0C91BC942}") = "sample2_unittest", "googlemock\gtest\sample2_unittest.vcxproj", "{AF431D2C-D97A-3FC1-A674-8F41A3DF295C}"
	ProjectSection(ProjectDependencies) = postProject
		{A16A6BEB-A1E0-367F-BAC2-417019529826} = {A16A6BEB-A1E0-367F-BAC2-417019529826}
		{E031C72C-A911-313B-A094-270BB5EDFF47} = {E031C72C-A911-313B-A094-270BB5EDFF47}
		{AE0866AE-FCBF-321E-9986-992DA0486EB7} = {AE0866AE-FCBF-321E-9986-992DA0486EB7}
	EndProjectSection
EndProject
Project("{8BC9CEB8-8B4A-11D0-8D11-00A0C91BC942}") = "sample3_unittest", "googlemock\gtest\sample3_unittest.vcxproj", "{9D7DD199-92FF-3730-AF8C-E03CC48B7497}"
	ProjectSection(ProjectDependencies) = postProject
		{A16A6BEB-A1E0-367F-BAC2-417019529826} = {A16A6BEB-A1E0-367F-BAC2-417019529826}
		{E031C72C-A911-313B-A094-270BB5EDFF47} = {E031C72C-A911-313B-A094-270BB5EDFF47}
		{AE0866AE-FCBF-321E-9986-992DA0486EB7} = {AE0866AE-FCBF-321E-9986-992DA0486EB7}
	EndProjectSection
EndProject
Project("{8BC9CEB8-8B4A-11D0-8D11-00A0C91BC942}") = "sample4_unittest", "googlemock\gtest\sample4_unittest.vcxproj", "{F71005DE-301A-3514-9824-A7D8A3B8E9D2}"
	ProjectSection(ProjectDependencies) = postProject
		{A16A6BEB-A1E0-367F-BAC2-417019529826} = {A16A6BEB-A1E0-367F-BAC2-417019529826}
		{E031C72C-A911-313B-A094-270BB5EDFF47} = {E031C72C-A911-313B-A094-270BB5EDFF47}
		{AE0866AE-FCBF-321E-9986-992DA0486EB7} = {AE0866AE-FCBF-321E-9986-992DA0486EB7}
	EndProjectSection
EndProject
Project("{8BC9CEB8-8B4A-11D0-8D11-00A0C91BC942}") = "sample5_unittest", "googlemock\gtest\sample5_unittest.vcxproj", "{DB59C320-8C6F-3A35-BF5A-578BCF4363A9}"
	ProjectSection(ProjectDependencies) = postProject
		{A16A6BEB-A1E0-367F-BAC2-417019529826} = {A16A6BEB-A1E0-367F-BAC2-417019529826}
		{E031C72C-A911-313B-A094-270BB5EDFF47} = {E031C72C-A911-313B-A094-270BB5EDFF47}
		{AE0866AE-FCBF-321E-9986-992DA0486EB7} = {AE0866AE-FCBF-321E-9986-992DA0486EB7}
	EndProjectSection
EndProject
Project("{8BC9CEB8-8B4A-11D0-8D11-00A0C91BC942}") = "sample6_unittest", "googlemock\gtest\sample6_unittest.vcxproj", "{E341948D-B619-3623-94A1-267435F8BF34}"
	ProjectSection(ProjectDependencies) = postProject
		{A16A6BEB-A1E0-367F-BAC2-417019529826} = {A16A6BEB-A1E0-367F-BAC2-417019529826}
		{E031C72C-A911-313B-A094-270BB5EDFF47} = {E031C72C-A911-313B-A094-270BB5EDFF47}
		{AE0866AE-FCBF-321E-9986-992DA0486EB7} = {AE0866AE-FCBF-321E-9986-992DA0486EB7}
	EndProjectSection
EndProject
Project("{8BC9CEB8-8B4A-11D0-8D11-00A0C91BC942}") = "sample7_unittest", "googlemock\gtest\sample7_unittest.vcxproj", "{63BC06CB-185E-3C59-94E7-FBE313334F32}"
	ProjectSection(ProjectDependencies) = postProject
		{A16A6BEB-A1E0-367F-BAC2-417019529826} = {A16A6BEB-A1E0-367F-BAC2-417019529826}
		{E031C72C-A911-313B-A094-270BB5EDFF47} = {E031C72C-A911-313B-A094-270BB5EDFF47}
		{AE0866AE-FCBF-321E-9986-992DA0486EB7} = {AE0866AE-FCBF-321E-9986-992DA0486EB7}
	EndProjectSection
EndProject
Project("{8BC9CEB8-8B4A-11D0-8D11-00A0C91BC942}") = "sample8_unittest", "googlemock\gtest\sample8_unittest.vcxproj", "{0325B556-69A5-3FDD-A198-AB076D14A1B5}"
	ProjectSection(ProjectDependencies) = postProject
		{A16A6BEB-A1E0-367F-BAC2-417019529826} = {A16A6BEB-A1E0-367F-BAC2-417019529826}
		{E031C72C-A911-313B-A094-270BB5EDFF47} = {E031C72C-A911-313B-A094-270BB5EDFF47}
		{AE0866AE-FCBF-321E-9986-992DA0486EB7} = {AE0866AE-FCBF-321E-9986-992DA0486EB7}
	EndProjectSection
EndProject
Project("{8BC9CEB8-8B4A-11D0-8D11-00A0C91BC942}") = "sample9_unittest", "googlemock\gtest\sample9_unittest.vcxproj", "{DCE910B2-7842-3EBC-A126-C341CD49AE51}"
	ProjectSection(ProjectDependencies) = postProject
		{A16A6BEB-A1E0-367F-BAC2-417019529826} = {A16A6BEB-A1E0-367F-BAC2-417019529826}
		{E031C72C-A911-313B-A094-270BB5EDFF47} = {E031C72C-A911-313B-A094-270BB5EDFF47}
	EndProjectSection
EndProject
Global
	GlobalSection(SolutionConfigurationPlatforms) = preSolution
		Debug|Win32 = Debug|Win32
		Release|Win32 = Release|Win32
		MinSizeRel|Win32 = MinSizeRel|Win32
		RelWithDebInfo|Win32 = RelWithDebInfo|Win32
	EndGlobalSection
	GlobalSection(ProjectConfigurationPlatforms) = postSolution
		{18F14917-01F8-3B3E-98C1-22DD7A5DF8E1}.Debug|Win32.ActiveCfg = Debug|Win32
		{18F14917-01F8-3B3E-98C1-22DD7A5DF8E1}.Debug|Win32.Build.0 = Debug|Win32
		{18F14917-01F8-3B3E-98C1-22DD7A5DF8E1}.Release|Win32.ActiveCfg = Release|Win32
		{18F14917-01F8-3B3E-98C1-22DD7A5DF8E1}.Release|Win32.Build.0 = Release|Win32
		{18F14917-01F8-3B3E-98C1-22DD7A5DF8E1}.MinSizeRel|Win32.ActiveCfg = MinSizeRel|Win32
		{18F14917-01F8-3B3E-98C1-22DD7A5DF8E1}.MinSizeRel|Win32.Build.0 = MinSizeRel|Win32
		{18F14917-01F8-3B3E-98C1-22DD7A5DF8E1}.RelWithDebInfo|Win32.ActiveCfg = RelWithDebInfo|Win32
		{18F14917-01F8-3B3E-98C1-22DD7A5DF8E1}.RelWithDebInfo|Win32.Build.0 = RelWithDebInfo|Win32
		{FF1C651B-0DA3-399D-9192-66150B9D4DF3}.Debug|Win32.ActiveCfg = Debug|Win32
		{FF1C651B-0DA3-399D-9192-66150B9D4DF3}.Release|Win32.ActiveCfg = Release|Win32
		{FF1C651B-0DA3-399D-9192-66150B9D4DF3}.MinSizeRel|Win32.ActiveCfg = MinSizeRel|Win32
		{FF1C651B-0DA3-399D-9192-66150B9D4DF3}.RelWithDebInfo|Win32.ActiveCfg = RelWithDebInfo|Win32
		{60081178-D50E-3065-89B2-6C6760BB6980}.Debug|Win32.ActiveCfg = Debug|Win32
		{60081178-D50E-3065-89B2-6C6760BB6980}.Release|Win32.ActiveCfg = Release|Win32
		{60081178-D50E-3065-89B2-6C6760BB6980}.MinSizeRel|Win32.ActiveCfg = MinSizeRel|Win32
		{60081178-D50E-3065-89B2-6C6760BB6980}.RelWithDebInfo|Win32.ActiveCfg = RelWithDebInfo|Win32
		{A16A6BEB-A1E0-367F-BAC2-417019529826}.Debug|Win32.ActiveCfg = Debug|Win32
		{A16A6BEB-A1E0-367F-BAC2-417019529826}.Debug|Win32.Build.0 = Debug|Win32
		{A16A6BEB-A1E0-367F-BAC2-417019529826}.Release|Win32.ActiveCfg = Release|Win32
		{A16A6BEB-A1E0-367F-BAC2-417019529826}.Release|Win32.Build.0 = Release|Win32
		{A16A6BEB-A1E0-367F-BAC2-417019529826}.MinSizeRel|Win32.ActiveCfg = MinSizeRel|Win32
		{A16A6BEB-A1E0-367F-BAC2-417019529826}.MinSizeRel|Win32.Build.0 = MinSizeRel|Win32
		{A16A6BEB-A1E0-367F-BAC2-417019529826}.RelWithDebInfo|Win32.ActiveCfg = RelWithDebInfo|Win32
		{A16A6BEB-A1E0-367F-BAC2-417019529826}.RelWithDebInfo|Win32.Build.0 = RelWithDebInfo|Win32
		{8B5B48D2-B91D-354B-9CC5-FBC57FE9B245}.Debug|Win32.ActiveCfg = Debug|Win32
		{8B5B48D2-B91D-354B-9CC5-FBC57FE9B245}.Debug|Win32.Build.0 = Debug|Win32
		{8B5B48D2-B91D-354B-9CC5-FBC57FE9B245}.Release|Win32.ActiveCfg = Release|Win32
		{8B5B48D2-B91D-354B-9CC5-FBC57FE9B245}.Release|Win32.Build.0 = Release|Win32
		{8B5B48D2-B91D-354B-9CC5-FBC57FE9B245}.MinSizeRel|Win32.ActiveCfg = MinSizeRel|Win32
		{8B5B48D2-B91D-354B-9CC5-FBC57FE9B245}.MinSizeRel|Win32.Build.0 = MinSizeRel|Win32
		{8B5B48D2-B91D-354B-9CC5-FBC57FE9B245}.RelWithDebInfo|Win32.ActiveCfg = RelWithDebInfo|Win32
		{8B5B48D2-B91D-354B-9CC5-FBC57FE9B245}.RelWithDebInfo|Win32.Build.0 = RelWithDebInfo|Win32
		{1D6F0849-A67C-3359-A94A-440A1B615AE6}.Debug|Win32.ActiveCfg = Debug|Win32
		{1D6F0849-A67C-3359-A94A-440A1B615AE6}.Debug|Win32.Build.0 = Debug|Win32
		{1D6F0849-A67C-3359-A94A-440A1B615AE6}.Release|Win32.ActiveCfg = Release|Win32
		{1D6F0849-A67C-3359-A94A-440A1B615AE6}.Release|Win32.Build.0 = Release|Win32
		{1D6F0849-A67C-3359-A94A-440A1B615AE6}.MinSizeRel|Win32.ActiveCfg = MinSizeRel|Win32
		{1D6F0849-A67C-3359-A94A-440A1B615AE6}.MinSizeRel|Win32.Build.0 = MinSizeRel|Win32
		{1D6F0849-A67C-3359-A94A-440A1B615AE6}.RelWithDebInfo|Win32.ActiveCfg = RelWithDebInfo|Win32
		{1D6F0849-A67C-3359-A94A-440A1B615AE6}.RelWithDebInfo|Win32.Build.0 = RelWithDebInfo|Win32
		{E031C72C-A911-313B-A094-270BB5EDFF47}.Debug|Win32.ActiveCfg = Debug|Win32
		{E031C72C-A911-313B-A094-270BB5EDFF47}.Debug|Win32.Build.0 = Debug|Win32
		{E031C72C-A911-313B-A094-270BB5EDFF47}.Release|Win32.ActiveCfg = Release|Win32
		{E031C72C-A911-313B-A094-270BB5EDFF47}.Release|Win32.Build.0 = Release|Win32
		{E031C72C-A911-313B-A094-270BB5EDFF47}.MinSizeRel|Win32.ActiveCfg = MinSizeRel|Win32
		{E031C72C-A911-313B-A094-270BB5EDFF47}.MinSizeRel|Win32.Build.0 = MinSizeRel|Win32
		{E031C72C-A911-313B-A094-270BB5EDFF47}.RelWithDebInfo|Win32.ActiveCfg = RelWithDebInfo|Win32
		{E031C72C-A911-313B-A094-270BB5EDFF47}.RelWithDebInfo|Win32.Build.0 = RelWithDebInfo|Win32
		{AE0866AE-FCBF-321E-9986-992DA0486EB7}.Debug|Win32.ActiveCfg = Debug|Win32
		{AE0866AE-FCBF-321E-9986-992DA0486EB7}.Debug|Win32.Build.0 = Debug|Win32
		{AE0866AE-FCBF-321E-9986-992DA0486EB7}.Release|Win32.ActiveCfg = Release|Win32
		{AE0866AE-FCBF-321E-9986-992DA0486EB7}.Release|Win32.Build.0 = Release|Win32
		{AE0866AE-FCBF-321E-9986-992DA0486EB7}.MinSizeRel|Win32.ActiveCfg = MinSizeRel|Win32
		{AE0866AE-FCBF-321E-9986-992DA0486EB7}.MinSizeRel|Win32.Build.0 = MinSizeRel|Win32
		{AE0866AE-FCBF-321E-9986-992DA0486EB7}.RelWithDebInfo|Win32.ActiveCfg = RelWithDebInfo|Win32
		{AE0866AE-FCBF-321E-9986-992DA0486EB7}.RelWithDebInfo|Win32.Build.0 = RelWithDebInfo|Win32
		{2064B2A4-D99D-3BB9-9B22-5D084C5A1E4C}.Debug|Win32.ActiveCfg = Debug|Win32
		{2064B2A4-D99D-3BB9-9B22-5D084C5A1E4C}.Debug|Win32.Build.0 = Debug|Win32
		{2064B2A4-D99D-3BB9-9B22-5D084C5A1E4C}.Release|Win32.ActiveCfg = Release|Win32
		{2064B2A4-D99D-3BB9-9B22-5D084C5A1E4C}.Release|Win32.Build.0 = Release|Win32
		{2064B2A4-D99D-3BB9-9B22-5D084C5A1E4C}.MinSizeRel|Win32.ActiveCfg = MinSizeRel|Win32
		{2064B2A4-D99D-3BB9-9B22-5D084C5A1E4C}.MinSizeRel|Win32.Build.0 = MinSizeRel|Win32
		{2064B2A4-D99D-3BB9-9B22-5D084C5A1E4C}.RelWithDebInfo|Win32.ActiveCfg = RelWithDebInfo|Win32
		{2064B2A4-D99D-3BB9-9B22-5D084C5A1E4C}.RelWithDebInfo|Win32.Build.0 = RelWithDebInfo|Win32
		{38775ED8-6D60-31E5-B653-1248F583F59C}.Debug|Win32.ActiveCfg = Debug|Win32
		{38775ED8-6D60-31E5-B653-1248F583F59C}.Debug|Win32.Build.0 = Debug|Win32
		{38775ED8-6D60-31E5-B653-1248F583F59C}.Release|Win32.ActiveCfg = Release|Win32
		{38775ED8-6D60-31E5-B653-1248F583F59C}.Release|Win32.Build.0 = Release|Win32
		{38775ED8-6D60-31E5-B653-1248F583F59C}.MinSizeRel|Win32.ActiveCfg = MinSizeRel|Win32
		{38775ED8-6D60-31E5-B653-1248F583F59C}.MinSizeRel|Win32.Build.0 = MinSizeRel|Win32
		{38775ED8-6D60-31E5-B653-1248F583F59C}.RelWithDebInfo|Win32.ActiveCfg = RelWithDebInfo|Win32
		{38775ED8-6D60-31E5-B653-1248F583F59C}.RelWithDebInfo|Win32.Build.0 = RelWithDebInfo|Win32
		{AF431D2C-D97A-3FC1-A674-8F41A3DF295C}.Debug|Win32.ActiveCfg = Debug|Win32
		{AF431D2C-D97A-3FC1-A674-8F41A3DF295C}.Debug|Win32.Build.0 = Debug|Win32
		{AF431D2C-D97A-3FC1-A674-8F41A3DF295C}.Release|Win32.ActiveCfg = Release|Win32
		{AF431D2C-D97A-3FC1-A674-8F41A3DF295C}.Release|Win32.Build.0 = Release|Win32
		{AF431D2C-D97A-3FC1-A674-8F41A3DF295C}.MinSizeRel|Win32.ActiveCfg = MinSizeRel|Win32
		{AF431D2C-D97A-3FC1-A674-8F41A3DF295C}.MinSizeRel|Win32.Build.0 = MinSizeRel|Win32
		{AF431D2C-D97A-3FC1-A674-8F41A3DF295C}.RelWithDebInfo|Win32.ActiveCfg = RelWithDebInfo|Win32
		{AF431D2C-D97A-3FC1-A674-8F41A3DF295C}.RelWithDebInfo|Win32.Build.0 = RelWithDebInfo|Win32
		{9D7DD199-92FF-3730-AF8C-E03CC48B7497}.Debug|Win32.ActiveCfg = Debug|Win32
		{9D7DD199-92FF-3730-AF8C-E03CC48B7497}.Debug|Win32.Build.0 = Debug|Win32
		{9D7DD199-92FF-3730-AF8C-E03CC48B7497}.Release|Win32.ActiveCfg = Release|Win32
		{9D7DD199-92FF-3730-AF8C-E03CC48B7497}.Release|Win32.Build.0 = Release|Win32
		{9D7DD199-92FF-3730-AF8C-E03CC48B7497}.MinSizeRel|Win32.ActiveCfg = MinSizeRel|Win32
		{9D7DD199-92FF-3730-AF8C-E03CC48B7497}.MinSizeRel|Win32.Build.0 = MinSizeRel|Win32
		{9D7DD199-92FF-3730-AF8C-E03CC48B7497}.RelWithDebInfo|Win32.ActiveCfg = RelWithDebInfo|Win32
		{9D7DD199-92FF-3730-AF8C-E03CC48B7497}.RelWithDebInfo|Win32.Build.0 = RelWithDebInfo|Win32
		{F71005DE-301A-3514-9824-A7D8A3B8E9D2}.Debug|Win32.ActiveCfg = Debug|Win32
		{F71005DE-301A-3514-9824-A7D8A3B8E9D2}.Debug|Win32.Build.0 = Debug|Win32
		{F71005DE-301A-3514-9824-A7D8A3B8E9D2}.Release|Win32.ActiveCfg = Release|Win32
		{F71005DE-301A-3514-9824-A7D8A3B8E9D2}.Release|Win32.Build.0 = Release|Win32
		{F71005DE-301A-3514-9824-A7D8A3B8E9D2}.MinSizeRel|Win32.ActiveCfg = MinSizeRel|Win32
		{F71005DE-301A-3514-9824-A7D8A3B8E9D2}.MinSizeRel|Win32.Build.0 = MinSizeRel|Win32
		{F71005DE-301A-3514-9824-A7D8A3B8E9D2}.RelWithDebInfo|Win32.ActiveCfg = RelWithDebInfo|Win32
		{F71005DE-301A-3514-9824-A7D8A3B8E9D2}.RelWithDebInfo|Win32.Build.0 = RelWithDebInfo|Win32
		{DB59C320-8C6F-3A35-BF5A-578BCF4363A9}.Debug|Win32.ActiveCfg = Debug|Win32
		{DB59C320-8C6F-3A35-BF5A-578BCF4363A9}.Debug|Win32.Build.0 = Debug|Win32
		{DB59C320-8C6F-3A35-BF5A-578BCF4363A9}.Release|Win32.ActiveCfg = Release|Win32
		{DB59C320-8C6F-3A35-BF5A-578BCF4363A9}.Release|Win32.Build.0 = Release|Win32
		{DB59C320-8C6F-3A35-BF5A-578BCF4363A9}.MinSizeRel|Win32.ActiveCfg = MinSizeRel|Win32
		{DB59C320-8C6F-3A35-BF5A-578BCF4363A9}.MinSizeRel|Win32.Build.0 = MinSizeRel|Win32
		{DB59C320-8C6F-3A35-BF5A-578BCF4363A9}.RelWithDebInfo|Win32.ActiveCfg = RelWithDebInfo|Win32
		{DB59C320-8C6F-3A35-BF5A-578BCF4363A9}.RelWithDebInfo|Win32.Build.0 = RelWithDebInfo|Win32
		{E341948D-B619-3623-94A1-267435F8BF34}.Debug|Win32.ActiveCfg = Debug|Win32
		{E341948D-B619-3623-94A1-267435F8BF34}.Debug|Win32.Build.0 = Debug|Win32
		{E341948D-B619-3623-94A1-267435F8BF34}.Release|Win32.ActiveCfg = Release|Win32
		{E341948D-B619-3623-94A1-267435F8BF34}.Release|Win32.Build.0 = Release|Win32
		{E341948D-B619-3623-94A1-267435F8BF34}.MinSizeRel|Win32.ActiveCfg = MinSizeRel|Win32
		{E341948D-B619-3623-94A1-267435F8BF34}.MinSizeRel|Win32.Build.0 = MinSizeRel|Win32
		{E341948D-B619-3623-94A1-267435F8BF34}.RelWithDebInfo|Win32.ActiveCfg = RelWithDebInfo|Win32
		{E341948D-B619-3623-94A1-267435F8BF34}.RelWithDebInfo|Win32.Build.0 = RelWithDebInfo|Win32
		{63BC06CB-185E-3C59-94E7-FBE313334F32}.Debug|Win32.ActiveCfg = Debug|Win32
		{63BC06CB-185E-3C59-94E7-FBE313334F32}.Debug|Win32.Build.0 = Debug|Win32
		{63BC06CB-185E-3C59-94E7-FBE313334F32}.Release|Win32.ActiveCfg = Release|Win32
		{63BC06CB-185E-3C59-94E7-FBE313334F32}.Release|Win32.Build.0 = Release|Win32
		{63BC06CB-185E-3C59-94E7-FBE313334F32}.MinSizeRel|Win32.ActiveCfg = MinSizeRel|Win32
		{63BC06CB-185E-3C59-94E7-FBE313334F32}.MinSizeRel|Win32.Build.0 = MinSizeRel|Win32
		{63BC06CB-185E-3C59-94E7-FBE313334F32}.RelWithDebInfo|Win32.ActiveCfg = RelWithDebInfo|Win32
		{63BC06CB-185E-3C59-94E7-FBE313334F32}.RelWithDebInfo|Win32.Build.0 = RelWithDebInfo|Win32
		{0325B556-69A5-3FDD-A198-AB076D14A1B5}.Debug|Win32.ActiveCfg = Debug|Win32
		{0325B556-69A5-3FDD-A198-AB076D14A1B5}.Debug|Win32.Build.0 = Debug|Win32
		{0325B556-69A5-3FDD-A198-AB076D14A1B5}.Release|Win32.ActiveCfg = Release|Win32
		{0325B556-69A5-3FDD-A198-AB076D14A1B5}.Release|Win32.Build.0 = Release|Win32
		{0325B556-69A5-3FDD-A198-AB076D14A1B5}.MinSizeRel|Win32.ActiveCfg = MinSizeRel|Win32
		{0325B556-69A5-3FDD-A198-AB076D14A1B5}.MinSizeRel|Win32.Build.0 = MinSizeRel|Win32
		{0325B556-69A5-3FDD-A198-AB076D14A1B5}.RelWithDebInfo|Win32.ActiveCfg = RelWithDebInfo|Win32
		{0325B556-69A5-3FDD-A198-AB076D14A1B5}.RelWithDebInfo|Win32.Build.0 = RelWithDebInfo|Win32
		{DCE910B2-7842-3EBC-A126-C341CD49AE51}.Debug|Win32.ActiveCfg = Debug|Win32
		{DCE910B2-7842-3EBC-A126-C341CD49AE51}.Debug|Win32.Build.0 = Debug|Win32
		{DCE910B2-7842-3EBC-A126-C341CD49AE51}.Release|Win32.ActiveCfg = Release|Win32
		{DCE910B2-7842-3EBC-A126-C341CD49AE51}.Release|Win32.Build.0 = Release|Win32
		{DCE910B2-7842-3EBC-A126-C341CD49AE51}.MinSizeRel|Win32.ActiveCfg = MinSizeRel|Win32
		{DCE910B2-7842-3EBC-A126-C341CD49AE51}.MinSizeRel|Win32.Build.0 = MinSizeRel|Win32
		{DCE910B2-7842-3EBC-A126-C341CD49AE51}.RelWithDebInfo|Win32.ActiveCfg = RelWithDebInfo|Win32
		{DCE910B2-7842-3EBC-A126-C341CD49AE51}.RelWithDebInfo|Win32.Build.0 = RelWithDebInfo|Win32
	EndGlobalSection
	GlobalSection(ExtensibilityGlobals) = postSolution
	EndGlobalSection
	GlobalSection(ExtensibilityAddIns) = postSolution
	EndGlobalSection
EndGlobal
