<?xml version="1.0" encoding="UTF-8"?>
<Project ToolsVersion="14.0" xmlns="http://schemas.microsoft.com/developer/msbuild/2003">
  <ItemGroup>
    <CustomBuild Include="D:\google\CMakeFiles\77f0f0db33de1c81685f6bcbb10e6601\RUN_TESTS_force.rule">
      <Filter>CMake Rules</Filter>
    </CustomBuild>
  </ItemGroup>
  <ItemGroup>
    <Filter Include="CMake Rules">
      <UniqueIdentifier>{FCE941D9-40E6-3215-825B-6C7E4F03CA59}</UniqueIdentifier>
    </Filter>
  </ItemGroup>
</Project>
